Microsoft Visual Studio Solution File, Format Version 12.00
# Visual Studio Version 16
VisualStudioVersion = 16.0.29102.190
MinimumVisualStudioVersion = 10.0.40219.1
Project("{9A19103F-16F7-4668-BE54-9A1E7A4F7556}") = "UOCHotels.RoomServiceManagement.Domain", "UOCHotels.RoomServiceManagement.Domain\UOCHotels.RoomServiceManagement.Domain.csproj", "{7C938946-1C54-4A45-9CEA-213EA9F156FF}"
EndProject
Project("{2150E333-8FDC-42A3-9474-1A3956D46DE8}") = "src", "src", "{6CD4AB3A-1C55-4CFD-AB15-BEFBE4CA6227}"
EndProject
Project("{2150E333-8FDC-42A3-9474-1A3956D46DE8}") = "Core", "Core", "{45484FB4-378D-43FA-9631-6E94217D9D50}"
EndProject
Project("{2150E333-8FDC-42A3-9474-1A3956D46DE8}") = "Infrastructure", "Infrastructure", "{DE25E4FA-54F2-4737-8099-2BB5864F20C8}"
EndProject
Project("{9A19103F-16F7-4668-BE54-9A1E7A4F7556}") = "UOCHotels.RoomServiceManagement.Persistence", "UOCHotels.RoomServiceManagement.Persistence\UOCHotels.RoomServiceManagement.Persistence.csproj", "{274FE3C1-A1FD-4E22-82B5-58DE3F4C4C8F}"
EndProject
Project("{9A19103F-16F7-4668-BE54-9A1E7A4F7556}") = "RoomServiceManagement.Api", "RoomServiceManagement.Api\RoomServiceManagement.Api.csproj", "{11ECC6AF-42E3-44C7-BB6E-DF80FDC50AFF}"
EndProject
Project("{2150E333-8FDC-42A3-9474-1A3956D46DE8}") = "Api", "Api", "{20A6A09F-8CD2-4410-ACE9-14C114364580}"
EndProject
Project("{2150E333-8FDC-42A3-9474-1A3956D46DE8}") = "tests", "tests", "{3090AC99-587B-4294-ACE8-D1705F723D6B}"
EndProject
Project("{E53339B2-1760-4266-BCC7-CA923CBCF16C}") = "docker-compose", "docker-compose.dcproj", "{BFC28F39-9378-4465-BDCC-E6C422031BDB}"
EndProject
Project("{9A19103F-16F7-4668-BE54-9A1E7A4F7556}") = "UOCHotels.RoomServiceManagement.Messaging", "UOCHotels.RoomServiceManagement.Messaging\UOCHotels.RoomServiceManagement.Messaging.csproj", "{3B123E66-572D-481D-A5B1-A557662A7C7F}"
EndProject
Project("{2150E333-8FDC-42A3-9474-1A3956D46DE8}") = "Solution Items", "Solution Items", "{4A37A30F-C393-456D-88EF-E77F76FAFD00}"
	ProjectSection(SolutionItems) = preProject
		.gitignore = .gitignore
	EndProjectSection
EndProject
Project("{9A19103F-16F7-4668-BE54-9A1E7A4F7556}") = "UOCHotels.RoomServiceManagement.Application", "UOCHotels.RoomServiceManagement.Application\UOCHotels.RoomServiceManagement.Application.csproj", "{64CFCA7D-9691-4104-A3B4-D0DCD110268D}"
EndProject
Project("{9A19103F-16F7-4668-BE54-9A1E7A4F7556}") = "UOCHotels.RoomServiceManagement.EventStore", "UOCHotels.RoomServiceManagement.EventStore\UOCHotels.RoomServiceManagement.EventStore.csproj", "{15ACFA9F-10F4-4066-B799-6107B69CA56E}"
EndProject
Global
	GlobalSection(SolutionConfigurationPlatforms) = preSolution
		Debug|Any CPU = Debug|Any CPU
		Release|Any CPU = Release|Any CPU
	EndGlobalSection
	GlobalSection(ProjectConfigurationPlatforms) = postSolution
		{7C938946-1C54-4A45-9CEA-213EA9F156FF}.Debug|Any CPU.ActiveCfg = Debug|Any CPU
		{7C938946-1C54-4A45-9CEA-213EA9F156FF}.Debug|Any CPU.Build.0 = Debug|Any CPU
		{7C938946-1C54-4A45-9CEA-213EA9F156FF}.Release|Any CPU.ActiveCfg = Release|Any CPU
		{7C938946-1C54-4A45-9CEA-213EA9F156FF}.Release|Any CPU.Build.0 = Release|Any CPU
		{274FE3C1-A1FD-4E22-82B5-58DE3F4C4C8F}.Debug|Any CPU.ActiveCfg = Debug|Any CPU
		{274FE3C1-A1FD-4E22-82B5-58DE3F4C4C8F}.Debug|Any CPU.Build.0 = Debug|Any CPU
		{274FE3C1-A1FD-4E22-82B5-58DE3F4C4C8F}.Release|Any CPU.ActiveCfg = Release|Any CPU
		{274FE3C1-A1FD-4E22-82B5-58DE3F4C4C8F}.Release|Any CPU.Build.0 = Release|Any CPU
		{11ECC6AF-42E3-44C7-BB6E-DF80FDC50AFF}.Debug|Any CPU.ActiveCfg = Debug|Any CPU
		{11ECC6AF-42E3-44C7-BB6E-DF80FDC50AFF}.Debug|Any CPU.Build.0 = Debug|Any CPU
		{11ECC6AF-42E3-44C7-BB6E-DF80FDC50AFF}.Release|Any CPU.ActiveCfg = Release|Any CPU
		{11ECC6AF-42E3-44C7-BB6E-DF80FDC50AFF}.Release|Any CPU.Build.0 = Release|Any CPU
		{BFC28F39-9378-4465-BDCC-E6C422031BDB}.Debug|Any CPU.ActiveCfg = Debug|Any CPU
		{BFC28F39-9378-4465-BDCC-E6C422031BDB}.Debug|Any CPU.Build.0 = Debug|Any CPU
		{BFC28F39-9378-4465-BDCC-E6C422031BDB}.Release|Any CPU.ActiveCfg = Release|Any CPU
		{BFC28F39-9378-4465-BDCC-E6C422031BDB}.Release|Any CPU.Build.0 = Release|Any CPU
		{3B123E66-572D-481D-A5B1-A557662A7C7F}.Debug|Any CPU.ActiveCfg = Debug|Any CPU
		{3B123E66-572D-481D-A5B1-A557662A7C7F}.Debug|Any CPU.Build.0 = Debug|Any CPU
		{3B123E66-572D-481D-A5B1-A557662A7C7F}.Release|Any CPU.ActiveCfg = Release|Any CPU
		{3B123E66-572D-481D-A5B1-A557662A7C7F}.Release|Any CPU.Build.0 = Release|Any CPU
		{64CFCA7D-9691-4104-A3B4-D0DCD110268D}.Debug|Any CPU.ActiveCfg = Debug|Any CPU
		{64CFCA7D-9691-4104-A3B4-D0DCD110268D}.Debug|Any CPU.Build.0 = Debug|Any CPU
		{64CFCA7D-9691-4104-A3B4-D0DCD110268D}.Release|Any CPU.ActiveCfg = Release|Any CPU
		{64CFCA7D-9691-4104-A3B4-D0DCD110268D}.Release|Any CPU.Build.0 = Release|Any CPU
		{15ACFA9F-10F4-4066-B799-6107B69CA56E}.Debug|Any CPU.ActiveCfg = Debug|Any CPU
		{15ACFA9F-10F4-4066-B799-6107B69CA56E}.Debug|Any CPU.Build.0 = Debug|Any CPU
		{15ACFA9F-10F4-4066-B799-6107B69CA56E}.Release|Any CPU.ActiveCfg = Release|Any CPU
		{15ACFA9F-10F4-4066-B799-6107B69CA56E}.Release|Any CPU.Build.0 = Release|Any CPU
	EndGlobalSection
	GlobalSection(SolutionProperties) = preSolution
		HideSolutionNode = FALSE
	EndGlobalSection
	GlobalSection(NestedProjects) = preSolution
		{7C938946-1C54-4A45-9CEA-213EA9F156FF} = {45484FB4-378D-43FA-9631-6E94217D9D50}
		{45484FB4-378D-43FA-9631-6E94217D9D50} = {6CD4AB3A-1C55-4CFD-AB15-BEFBE4CA6227}
		{DE25E4FA-54F2-4737-8099-2BB5864F20C8} = {6CD4AB3A-1C55-4CFD-AB15-BEFBE4CA6227}
		{274FE3C1-A1FD-4E22-82B5-58DE3F4C4C8F} = {DE25E4FA-54F2-4737-8099-2BB5864F20C8}
		{11ECC6AF-42E3-44C7-BB6E-DF80FDC50AFF} = {20A6A09F-8CD2-4410-ACE9-14C114364580}
		{20A6A09F-8CD2-4410-ACE9-14C114364580} = {6CD4AB3A-1C55-4CFD-AB15-BEFBE4CA6227}
		{3B123E66-572D-481D-A5B1-A557662A7C7F} = {DE25E4FA-54F2-4737-8099-2BB5864F20C8}
		{64CFCA7D-9691-4104-A3B4-D0DCD110268D} = {45484FB4-378D-43FA-9631-6E94217D9D50}
		{15ACFA9F-10F4-4066-B799-6107B69CA56E} = {DE25E4FA-54F2-4737-8099-2BB5864F20C8}
	EndGlobalSection
	GlobalSection(ExtensibilityGlobals) = postSolution
		SolutionGuid = {042B2F43-041E-4C70-9814-74708C52BB93}
	EndGlobalSection
EndGlobal
